
Microsoft Visual Studio Solution File, Format Version 12.00
# Visual Studio Version 17
VisualStudioVersion = 17.6.33815.320
MinimumVisualStudioVersion = 10.0.40219.1
Project("{FAE04EC0-301F-11D3-BF4B-00C04F79EFBC}") = "Alg_lab2", "Alg_lab2.csproj", "{19881ECA-1E9C-4B82-BCB1-D14BF8B70348}"
EndProject
Global
	GlobalSection(SolutionConfigurationPlatforms) = preSolution
		Debug|Any CPU = Debug|Any CPU
		Release|Any CPU = Release|Any CPU
	EndGlobalSection
	GlobalSection(ProjectConfigurationPlatforms) = postSolution
		{19881ECA-1E9C-4B82-BCB1-D14BF8B70348}.Debug|Any CPU.ActiveCfg = Debug|Any CPU
		{19881ECA-1E9C-4B82-BCB1-D14BF8B70348}.Debug|Any CPU.Build.0 = Debug|Any CPU
		{19881ECA-1E9C-4B82-BCB1-D14BF8B70348}.Release|Any CPU.ActiveCfg = Release|Any CPU
		{19881ECA-1E9C-4B82-BCB1-D14BF8B70348}.Release|Any CPU.Build.0 = Release|Any CPU
	EndGlobalSection
	GlobalSection(SolutionProperties) = preSolution
		HideSolutionNode = FALSE
	EndGlobalSection
	GlobalSection(ExtensibilityGlobals) = postSolution
		SolutionGuid = {9FFB66A6-E5A9-407A-BAC1-E129B8923B75}
	EndGlobalSection
EndGlobal
